
Microsoft Visual Studio Solution File, Format Version 12.00
# Visual Studio Version 16
VisualStudioVersion = 16.0.30804.86
MinimumVisualStudioVersion = 10.0.40219.1
Project("{FAE04EC0-301F-11D3-BF4B-00C04F79EFBC}") = "Infrastructure", "src\Infrastructure\Infrastructure.csproj", "{0B1742A9-9C03-43E9-A079-E031DF66AFED}"
EndProject
Project("{FAE04EC0-301F-11D3-BF4B-00C04F79EFBC}") = "Domain", "src\Domain\Domain.csproj", "{622D5F0E-68CB-40CB-8BDA-AC73D9528658}"
EndProject
Project("{FAE04EC0-301F-11D3-BF4B-00C04F79EFBC}") = "Application", "src\Application\Application.csproj", "{BBF0120E-8354-4C62-8304-059E4CC4F97B}"
EndProject
Project("{2150E333-8FDC-42A3-9474-1A3956D46DE8}") = "Solution Items", "Solution Items", "{50C669B9-BD4B-4C64-9266-0DF12FC4D2D7}"
	ProjectSection(SolutionItems) = preProject
		.gitignore = .gitignore
		README.md = README.md
	EndProjectSection
EndProject
Project("{FAE04EC0-301F-11D3-BF4B-00C04F79EFBC}") = "WebUI", "src\WebUI\WebUI.csproj", "{E3230F31-DAD3-4F97-AC20-64FF921B3BB1}"
EndProject
Global
	GlobalSection(SolutionConfigurationPlatforms) = preSolution
		Debug|Any CPU = Debug|Any CPU
		Release|Any CPU = Release|Any CPU
	EndGlobalSection
	GlobalSection(ProjectConfigurationPlatforms) = postSolution
		{0B1742A9-9C03-43E9-A079-E031DF66AFED}.Debug|Any CPU.ActiveCfg = Debug|Any CPU
		{0B1742A9-9C03-43E9-A079-E031DF66AFED}.Debug|Any CPU.Build.0 = Debug|Any CPU
		{0B1742A9-9C03-43E9-A079-E031DF66AFED}.Release|Any CPU.ActiveCfg = Release|Any CPU
		{0B1742A9-9C03-43E9-A079-E031DF66AFED}.Release|Any CPU.Build.0 = Release|Any CPU
		{622D5F0E-68CB-40CB-8BDA-AC73D9528658}.Debug|Any CPU.ActiveCfg = Debug|Any CPU
		{622D5F0E-68CB-40CB-8BDA-AC73D9528658}.Debug|Any CPU.Build.0 = Debug|Any CPU
		{622D5F0E-68CB-40CB-8BDA-AC73D9528658}.Release|Any CPU.ActiveCfg = Release|Any CPU
		{622D5F0E-68CB-40CB-8BDA-AC73D9528658}.Release|Any CPU.Build.0 = Release|Any CPU
		{BBF0120E-8354-4C62-8304-059E4CC4F97B}.Debug|Any CPU.ActiveCfg = Debug|Any CPU
		{BBF0120E-8354-4C62-8304-059E4CC4F97B}.Debug|Any CPU.Build.0 = Debug|Any CPU
		{BBF0120E-8354-4C62-8304-059E4CC4F97B}.Release|Any CPU.ActiveCfg = Release|Any CPU
		{BBF0120E-8354-4C62-8304-059E4CC4F97B}.Release|Any CPU.Build.0 = Release|Any CPU
		{E3230F31-DAD3-4F97-AC20-64FF921B3BB1}.Debug|Any CPU.ActiveCfg = Debug|Any CPU
		{E3230F31-DAD3-4F97-AC20-64FF921B3BB1}.Debug|Any CPU.Build.0 = Debug|Any CPU
		{E3230F31-DAD3-4F97-AC20-64FF921B3BB1}.Release|Any CPU.ActiveCfg = Release|Any CPU
		{E3230F31-DAD3-4F97-AC20-64FF921B3BB1}.Release|Any CPU.Build.0 = Release|Any CPU
	EndGlobalSection
	GlobalSection(SolutionProperties) = preSolution
		HideSolutionNode = FALSE
	EndGlobalSection
	GlobalSection(ExtensibilityGlobals) = postSolution
		SolutionGuid = {8C2132A1-48A0-4144-B852-CA196FAA93F2}
	EndGlobalSection
EndGlobal
